// !$*UTF8*$!
{
	archiveVersion = 1;
	classes = {
	};
	objectVersion = 50;
	objects = {

/* Begin PBXBuildFile section */
		CF40A23024A674AD00CBACB4 /* AppDelegate.swift in Sources */ = {isa = PBXBuildFile; fileRef = CF40A22F24A674AD00CBACB4 /* AppDelegate.swift */; };
		CF40A23224A674AD00CBACB4 /* SceneDelegate.swift in Sources */ = {isa = PBXBuildFile; fileRef = CF40A23124A674AD00CBACB4 /* SceneDelegate.swift */; };
		CF40A23424A674AD00CBACB4 /* Pokemon.swift in Sources */ = {isa = PBXBuildFile; fileRef = CF40A23324A674AD00CBACB4 /* Pokemon.swift */; };
		CF40A23724A674AD00CBACB4 /* Main.storyboard in Resources */ = {isa = PBXBuildFile; fileRef = CF40A23524A674AD00CBACB4 /* Main.storyboard */; };
		CF40A23924A674B700CBACB4 /* Assets.xcassets in Resources */ = {isa = PBXBuildFile; fileRef = CF40A23824A674B700CBACB4 /* Assets.xcassets */; };
		CF40A23C24A674B700CBACB4 /* LaunchScreen.storyboard in Resources */ = {isa = PBXBuildFile; fileRef = CF40A23A24A674B700CBACB4 /* LaunchScreen.storyboard */; };
		CF40A24424A6753700CBACB4 /* PokemonTableViewController.swift in Sources */ = {isa = PBXBuildFile; fileRef = CF40A24324A6753700CBACB4 /* PokemonTableViewController.swift */; };
		CF40A24624A677FE00CBACB4 /* PokemonCell.swift in Sources */ = {isa = PBXBuildFile; fileRef = CF40A24524A677FE00CBACB4 /* PokemonCell.swift */; };
/* End PBXBuildFile section */

/* Begin PBXFileReference section */
		CF40A22C24A674AD00CBACB4 /* pokemon.app */ = {isa = PBXFileReference; explicitFileType = wrapper.application; includeInIndex = 0; path = pokemon.app; sourceTree = BUILT_PRODUCTS_DIR; };
		CF40A22F24A674AD00CBACB4 /* AppDelegate.swift */ = {isa = PBXFileReference; lastKnownFileType = sourcecode.swift; path = AppDelegate.swift; sourceTree = "<group>"; };
		CF40A23124A674AD00CBACB4 /* SceneDelegate.swift */ = {isa = PBXFileReference; lastKnownFileType = sourcecode.swift; path = SceneDelegate.swift; sourceTree = "<group>"; };
		CF40A23324A674AD00CBACB4 /* Pokemon.swift */ = {isa = PBXFileReference; lastKnownFileType = sourcecode.swift; path = Pokemon.swift; sourceTree = "<group>"; };
		CF40A23624A674AD00CBACB4 /* Base */ = {isa = PBXFileReference; lastKnownFileType = file.storyboard; name = Base; path = Base.lproj/Main.storyboard; sourceTree = "<group>"; };
		CF40A23824A674B700CBACB4 /* Assets.xcassets */ = {isa = PBXFileReference; lastKnownFileType = folder.assetcatalog; path = Assets.xcassets; sourceTree = "<group>"; };
		CF40A23B24A674B700CBACB4 /* Base */ = {isa = PBXFileReference; lastKnownFileType = file.storyboard; name = Base; path = Base.lproj/LaunchScreen.storyboard; sourceTree = "<group>"; };
		CF40A23D24A674B700CBACB4 /* Info.plist */ = {isa = PBXFileReference; lastKnownFileType = text.plist.xml; path = Info.plist; sourceTree = "<group>"; };
		CF40A24324A6753700CBACB4 /* PokemonTableViewController.swift */ = {isa = PBXFileReference; lastKnownFileType = sourcecode.swift; path = PokemonTableViewController.swift; sourceTree = "<group>"; };
		CF40A24524A677FE00CBACB4 /* PokemonCell.swift */ = {isa = PBXFileReference; lastKnownFileType = sourcecode.swift; path = PokemonCell.swift; sourceTree = "<group>"; };
/* End PBXFileReference section */

/* Begin PBXFrameworksBuildPhase section */
		CF40A22924A674AD00CBACB4 /* Frameworks */ = {
			isa = PBXFrameworksBuildPhase;
			buildActionMask = 2147483647;
			files = (
			);
			runOnlyForDeploymentPostprocessing = 0;
		};
/* End PBXFrameworksBuildPhase section */

/* Begin PBXGroup section */
		CF40A22324A674AD00CBACB4 = {
			isa = PBXGroup;
			children = (
				CF40A22E24A674AD00CBACB4 /* pokemon */,
				CF40A22D24A674AD00CBACB4 /* Products */,
			);
			sourceTree = "<group>";
		};
		CF40A22D24A674AD00CBACB4 /* Products */ = {
			isa = PBXGroup;
			children = (
				CF40A22C24A674AD00CBACB4 /* pokemon.app */,
			);
			name = Products;
			sourceTree = "<group>";
		};
		CF40A22E24A674AD00CBACB4 /* pokemon */ = {
			isa = PBXGroup;
			children = (
				CF40A22F24A674AD00CBACB4 /* AppDelegate.swift */,
				CF40A23124A674AD00CBACB4 /* SceneDelegate.swift */,
				CF40A23324A674AD00CBACB4 /* Pokemon.swift */,
				CF40A23524A674AD00CBACB4 /* Main.storyboard */,
				CF40A23824A674B700CBACB4 /* Assets.xcassets */,
				CF40A23A24A674B700CBACB4 /* LaunchScreen.storyboard */,
				CF40A23D24A674B700CBACB4 /* Info.plist */,
				CF40A24324A6753700CBACB4 /* PokemonTableViewController.swift */,
				CF40A24524A677FE00CBACB4 /* PokemonCell.swift */,
			);
			path = pokemon;
			sourceTree = "<group>";
		};
/* End PBXGroup section */

/* Begin PBXNativeTarget section */
		CF40A22B24A674AD00CBACB4 /* pokemon */ = {
			isa = PBXNativeTarget;
			buildConfigurationList = CF40A24024A674B700CBACB4 /* Build configuration list for PBXNativeTarget "pokemon" */;
			buildPhases = (
				CF40A22824A674AD00CBACB4 /* Sources */,
				CF40A22924A674AD00CBACB4 /* Frameworks */,
				CF40A22A24A674AD00CBACB4 /* Resources */,
			);
			buildRules = (
			);
			dependencies = (
			);
			name = pokemon;
			productName = pokemon;
			productReference = CF40A22C24A674AD00CBACB4 /* pokemon.app */;
			productType = "com.apple.product-type.application";
		};
/* End PBXNativeTarget section */

/* Begin PBXProject section */
		CF40A22424A674AD00CBACB4 /* Project object */ = {
			isa = PBXProject;
			attributes = {
				LastSwiftUpdateCheck = 1130;
				LastUpgradeCheck = 1130;
				ORGANIZATIONNAME = "Anika Morris";
				TargetAttributes = {
					CF40A22B24A674AD00CBACB4 = {
						CreatedOnToolsVersion = 11.3.1;
					};
				};
			};
			buildConfigurationList = CF40A22724A674AD00CBACB4 /* Build configuration list for PBXProject "pokemon" */;
			compatibilityVersion = "Xcode 9.3";
			developmentRegion = en;
			hasScannedForEncodings = 0;
			knownRegions = (
				en,
				Base,
			);
			mainGroup = CF40A22324A674AD00CBACB4;
			productRefGroup = CF40A22D24A674AD00CBACB4 /* Products */;
			projectDirPath = "";
			projectRoot = "";
			targets = (
				CF40A22B24A674AD00CBACB4 /* pokemon */,
			);
		};
/* End PBXProject section */

/* Begin PBXResourcesBuildPhase section */
		CF40A22A24A674AD00CBACB4 /* Resources */ = {
			isa = PBXResourcesBuildPhase;
			buildActionMask = 2147483647;
			files = (
				CF40A23C24A674B700CBACB4 /* LaunchScreen.storyboard in Resources */,
				CF40A23924A674B700CBACB4 /* Assets.xcassets in Resources */,
				CF40A23724A674AD00CBACB4 /* Main.storyboard in Resources */,
			);
			runOnlyForDeploymentPostprocessing = 0;
		};
/* End PBXResourcesBuildPhase section */

/* Begin PBXSourcesBuildPhase section */
		CF40A22824A674AD00CBACB4 /* Sources */ = {
			isa = PBXSourcesBuildPhase;
			buildActionMask = 2147483647;
			files = (
				CF40A24624A677FE00CBACB4 /* PokemonCell.swift in Sources */,
				CF40A23424A674AD00CBACB4 /* Pokemon.swift in Sources */,
				CF40A23024A674AD00CBACB4 /* AppDelegate.swift in Sources */,
				CF40A24424A6753700CBACB4 /* PokemonTableViewController.swift in Sources */,
				CF40A23224A674AD00CBACB4 /* SceneDelegate.swift in Sources */,
			);
			runOnlyForDeploymentPostprocessing = 0;
		};
/* End PBXSourcesBuildPhase section */

/* Begin PBXVariantGroup section */
		CF40A23524A674AD00CBACB4 /* Main.storyboard */ = {
			isa = PBXVariantGroup;
			children = (
				CF40A23624A674AD00CBACB4 /* Base */,
			);
			name = Main.storyboard;
			sourceTree = "<group>";
		};
		CF40A23A24A674B700CBACB4 /* LaunchScreen.storyboard */ = {
			isa = PBXVariantGroup;
			children = (
				CF40A23B24A674B700CBACB4 /* Base */,
			);
			name = LaunchScreen.storyboard;
			sourceTree = "<group>";
		};
/* End PBXVariantGroup section */

/* Begin XCBuildConfiguration section */
		CF40A23E24A674B700CBACB4 /* Debug */ = {
			isa = XCBuildConfiguration;
			buildSettings = {
				ALWAYS_SEARCH_USER_PATHS = NO;
				CLANG_ANALYZER_NONNULL = YES;
				CLANG_ANALYZER_NUMBER_OBJECT_CONVERSION = YES_AGGRESSIVE;
				CLANG_CXX_LANGUAGE_STANDARD = "gnu++14";
				CLANG_CXX_LIBRARY = "libc++";
				CLANG_ENABLE_MODULES = YES;
				CLANG_ENABLE_OBJC_ARC = YES;
				CLANG_ENABLE_OBJC_WEAK = YES;
				CLANG_WARN_BLOCK_CAPTURE_AUTORELEASING = YES;
				CLANG_WARN_BOOL_CONVERSION = YES;
				CLANG_WARN_COMMA = YES;
				CLANG_WARN_CONSTANT_CONVERSION = YES;
				CLANG_WARN_DEPRECATED_OBJC_IMPLEMENTATIONS = YES;
				CLANG_WARN_DIRECT_OBJC_ISA_USAGE = YES_ERROR;
				CLANG_WARN_DOCUMENTATION_COMMENTS = YES;
				CLANG_WARN_EMPTY_BODY = YES;
				CLANG_WARN_ENUM_CONVERSION = YES;
				CLANG_WARN_INFINITE_RECURSION = YES;
				CLANG_WARN_INT_CONVERSION = YES;
				CLANG_WARN_NON_LITERAL_NULL_CONVERSION = YES;
				CLANG_WARN_OBJC_IMPLICIT_RETAIN_SELF = YES;
				CLANG_WARN_OBJC_LITERAL_CONVERSION = YES;
				CLANG_WARN_OBJC_ROOT_CLASS = YES_ERROR;
				CLANG_WARN_RANGE_LOOP_ANALYSIS = YES;
				CLANG_WARN_STRICT_PROTOTYPES = YES;
				CLANG_WARN_SUSPICIOUS_MOVE = YES;
				CLANG_WARN_UNGUARDED_AVAILABILITY = YES_AGGRESSIVE;
				CLANG_WARN_UNREACHABLE_CODE = YES;
				CLANG_WARN__DUPLICATE_METHOD_MATCH = YES;
				COPY_PHASE_STRIP = NO;
				DEBUG_INFORMATION_FORMAT = dwarf;
				ENABLE_STRICT_OBJC_MSGSEND = YES;
				ENABLE_TESTABILITY = YES;
				GCC_C_LANGUAGE_STANDARD = gnu11;
				GCC_DYNAMIC_NO_PIC = NO;
				GCC_NO_COMMON_BLOCKS = YES;
				GCC_OPTIMIZATION_LEVEL = 0;
				GCC_PREPROCESSOR_DEFINITIONS = (
					"DEBUG=1",
					"$(inherited)",
				);
				GCC_WARN_64_TO_32_BIT_CONVERSION = YES;
				GCC_WARN_ABOUT_RETURN_TYPE = YES_ERROR;
				GCC_WARN_UNDECLARED_SELECTOR = YES;
				GCC_WARN_UNINITIALIZED_AUTOS = YES_AGGRESSIVE;
				GCC_WARN_UNUSED_FUNCTION = YES;
				GCC_WARN_UNUSED_VARIABLE = YES;
				IPHONEOS_DEPLOYMENT_TARGET = 13.2;
				MTL_ENABLE_DEBUG_INFO = INCLUDE_SOURCE;
				MTL_FAST_MATH = YES;
				ONLY_ACTIVE_ARCH = YES;
				SDKROOT = iphoneos;
				SWIFT_ACTIVE_COMPILATION_CONDITIONS = DEBUG;
				SWIFT_OPTIMIZATION_LEVEL = "-Onone";
			};
			name = Debug;
		};
		CF40A23F24A674B700CBACB4 /* Release */ = {
			isa = XCBuildConfiguration;
			buildSettings = {
				ALWAYS_SEARCH_USER_PATHS = NO;
				CLANG_ANALYZER_NONNULL = YES;
				CLANG_ANALYZER_NUMBER_OBJECT_CONVERSION = YES_AGGRESSIVE;
				CLANG_CXX_LANGUAGE_STANDARD = "gnu++14";
				CLANG_CXX_LIBRARY = "libc++";
				CLANG_ENABLE_MODULES = YES;
				CLANG_ENABLE_OBJC_ARC = YES;
				CLANG_ENABLE_OBJC_WEAK = YES;
				CLANG_WARN_BLOCK_CAPTURE_AUTORELEASING = YES;
				CLANG_WARN_BOOL_CONVERSION = YES;
				CLANG_WARN_COMMA = YES;
				CLANG_WARN_CONSTANT_CONVERSION = YES;
				CLANG_WARN_DEPRECATED_OBJC_IMPLEMENTATIONS = YES;
				CLANG_WARN_DIRECT_OBJC_ISA_USAGE = YES_ERROR;
				CLANG_WARN_DOCUMENTATION_COMMENTS = YES;
				CLANG_WARN_EMPTY_BODY = YES;
				CLANG_WARN_ENUM_CONVERSION = YES;
				CLANG_WARN_INFINITE_RECURSION = YES;
				CLANG_WARN_INT_CONVERSION = YES;
				CLANG_WARN_NON_LITERAL_NULL_CONVERSION = YES;
				CLANG_WARN_OBJC_IMPLICIT_RETAIN_SELF = YES;
				CLANG_WARN_OBJC_LITERAL_CONVERSION = YES;
				CLANG_WARN_OBJC_ROOT_CLASS = YES_ERROR;
				CLANG_WARN_RANGE_LOOP_ANALYSIS = YES;
				CLANG_WARN_STRICT_PROTOTYPES = YES;
				CLANG_WARN_SUSPICIOUS_MOVE = YES;
				CLANG_WARN_UNGUARDED_AVAILABILITY = YES_AGGRESSIVE;
				CLANG_WARN_UNREACHABLE_CODE = YES;
				CLANG_WARN__DUPLICATE_METHOD_MATCH = YES;
				COPY_PHASE_STRIP = NO;
				DEBUG_INFORMATION_FORMAT = "dwarf-with-dsym";
				ENABLE_NS_ASSERTIONS = NO;
				ENABLE_STRICT_OBJC_MSGSEND = YES;
				GCC_C_LANGUAGE_STANDARD = gnu11;
				GCC_NO_COMMON_BLOCKS = YES;
				GCC_WARN_64_TO_32_BIT_CONVERSION = YES;
				GCC_WARN_ABOUT_RETURN_TYPE = YES_ERROR;
				GCC_WARN_UNDECLARED_SELECTOR = YES;
				GCC_WARN_UNINITIALIZED_AUTOS = YES_AGGRESSIVE;
				GCC_WARN_UNUSED_FUNCTION = YES;
				GCC_WARN_UNUSED_VARIABLE = YES;
				IPHONEOS_DEPLOYMENT_TARGET = 13.2;
				MTL_ENABLE_DEBUG_INFO = NO;
				MTL_FAST_MATH = YES;
				SDKROOT = iphoneos;
				SWIFT_COMPILATION_MODE = wholemodule;
				SWIFT_OPTIMIZATION_LEVEL = "-O";
				VALIDATE_PRODUCT = YES;
			};
			name = Release;
		};
		CF40A24124A674B700CBACB4 /* Debug */ = {
			isa = XCBuildConfiguration;
			buildSettings = {
				ASSETCATALOG_COMPILER_APPICON_NAME = AppIcon;
				CODE_SIGN_STYLE = Automatic;
				DEVELOPMENT_TEAM = HXYM5H2DXG;
				INFOPLIST_FILE = pokemon/Info.plist;
				LD_RUNPATH_SEARCH_PATHS = (
					"$(inherited)",
					"@executable_path/Frameworks",
				);
				PRODUCT_BUNDLE_IDENTIFIER = com.anikamorris.pokemon;
				PRODUCT_NAME = "$(TARGET_NAME)";
				SWIFT_VERSION = 5.0;
				TARGETED_DEVICE_FAMILY = "1,2";
			};
			name = Debug;
		};
		CF40A24224A674B700CBACB4 /* Release */ = {
			isa = XCBuildConfiguration;
			buildSettings = {
				ASSETCATALOG_COMPILER_APPICON_NAME = AppIcon;
				CODE_SIGN_STYLE = Automatic;
				DEVELOPMENT_TEAM = HXYM5H2DXG;
				INFOPLIST_FILE = pokemon/Info.plist;
				LD_RUNPATH_SEARCH_PATHS = (
					"$(inherited)",
					"@executable_path/Frameworks",
				);
				PRODUCT_BUNDLE_IDENTIFIER = com.anikamorris.pokemon;
				PRODUCT_NAME = "$(TARGET_NAME)";
				SWIFT_VERSION = 5.0;
				TARGETED_DEVICE_FAMILY = "1,2";
			};
			name = Release;
		};
/* End XCBuildConfiguration section */

/* Begin XCConfigurationList section */
		CF40A22724A674AD00CBACB4 /* Build configuration list for PBXProject "pokemon" */ = {
			isa = XCConfigurationList;
			buildConfigurations = (
				CF40A23E24A674B700CBACB4 /* Debug */,
				CF40A23F24A674B700CBACB4 /* Release */,
			);
			defaultConfigurationIsVisible = 0;
			defaultConfigurationName = Release;
		};
		CF40A24024A674B700CBACB4 /* Build configuration list for PBXNativeTarget "pokemon" */ = {
			isa = XCConfigurationList;
			buildConfigurations = (
				CF40A24124A674B700CBACB4 /* Debug */,
				CF40A24224A674B700CBACB4 /* Release */,
			);
			defaultConfigurationIsVisible = 0;
			defaultConfigurationName = Release;
		};
/* End XCConfigurationList section */
	};
	rootObject = CF40A22424A674AD00CBACB4 /* Project object */;
}
